// !$*UTF8*$!
{
	archiveVersion = 1;
	classes = {
	};
	objectVersion = 51;
	objects = {

/* Begin PBXBuildFile section */
		0235E02227BA01D70039A596 /* DrawerTransitionManager.swift in Sources */ = {isa = PBXBuildFile; fileRef = 0235E02127BA01D70039A596 /* DrawerTransitionManager.swift */; };
		0235E02727BA02380039A596 /* DrawerViewController.swift in Sources */ = {isa = PBXBuildFile; fileRef = 0235E02527BA02380039A596 /* DrawerViewController.swift */; };
		0235E02827BA02380039A596 /* DrawerViewController.xib in Resources */ = {isa = PBXBuildFile; fileRef = 0235E02627BA02380039A596 /* DrawerViewController.xib */; };
		0235E02A27BA02910039A596 /* DrawerCoordinator.swift in Sources */ = {isa = PBXBuildFile; fileRef = 0235E02927BA02910039A596 /* DrawerCoordinator.swift */; };
		0235E02C27BA02990039A596 /* DrawerViewModel.swift in Sources */ = {isa = PBXBuildFile; fileRef = 0235E02B27BA02990039A596 /* DrawerViewModel.swift */; };
		52FD40AF27B67B54000EA462 /* AppDelegate.swift in Sources */ = {isa = PBXBuildFile; fileRef = 52FD40AE27B67B54000EA462 /* AppDelegate.swift */; };
		52FD40B127B67B54000EA462 /* SceneDelegate.swift in Sources */ = {isa = PBXBuildFile; fileRef = 52FD40B027B67B54000EA462 /* SceneDelegate.swift */; };
		52FD40B327B67B54000EA462 /* ViewController.swift in Sources */ = {isa = PBXBuildFile; fileRef = 52FD40B227B67B54000EA462 /* ViewController.swift */; };
		52FD40B827B67B55000EA462 /* Assets.xcassets in Resources */ = {isa = PBXBuildFile; fileRef = 52FD40B727B67B55000EA462 /* Assets.xcassets */; };
		52FD40BB27B67B55000EA462 /* LaunchScreen.storyboard in Resources */ = {isa = PBXBuildFile; fileRef = 52FD40B927B67B55000EA462 /* LaunchScreen.storyboard */; };
		52FD40DA27B6813C000EA462 /* AppContext.swift in Sources */ = {isa = PBXBuildFile; fileRef = 52FD40D927B6813C000EA462 /* AppContext.swift */; };
		52FD40E227B68255000EA462 /* NetworkManager.swift in Sources */ = {isa = PBXBuildFile; fileRef = 52FD40E127B68255000EA462 /* NetworkManager.swift */; };
		52FD40E527B6827F000EA462 /* ErrorResponse.swift in Sources */ = {isa = PBXBuildFile; fileRef = 52FD40E427B6827F000EA462 /* ErrorResponse.swift */; };
		52FD40E827B682CF000EA462 /* NetworkError.swift in Sources */ = {isa = PBXBuildFile; fileRef = 52FD40E727B682CF000EA462 /* NetworkError.swift */; };
		52FD40ED27B683C0000EA462 /* RijksAPI.swift in Sources */ = {isa = PBXBuildFile; fileRef = 52FD40EC27B683C0000EA462 /* RijksAPI.swift */; };
		52FD40F227B684BC000EA462 /* Collection.swift in Sources */ = {isa = PBXBuildFile; fileRef = 52FD40F127B684BC000EA462 /* Collection.swift */; };
		52FD413427B7CCC9000EA462 /* BaseCoordinator.swift in Sources */ = {isa = PBXBuildFile; fileRef = 52FD413327B7CCC9000EA462 /* BaseCoordinator.swift */; };
		52FD413827B7CCE7000EA462 /* AppCoordinator.swift in Sources */ = {isa = PBXBuildFile; fileRef = 52FD413727B7CCE7000EA462 /* AppCoordinator.swift */; };
		52FD413B27B7CD25000EA462 /* HomeController.swift in Sources */ = {isa = PBXBuildFile; fileRef = 52FD413A27B7CD25000EA462 /* HomeController.swift */; };
		52FD413E27B7CDD0000EA462 /* HomeViewModel.swift in Sources */ = {isa = PBXBuildFile; fileRef = 52FD413D27B7CDD0000EA462 /* HomeViewModel.swift */; };
		52FD414127B7CDF3000EA462 /* ViewModelType.swift in Sources */ = {isa = PBXBuildFile; fileRef = 52FD414027B7CDF3000EA462 /* ViewModelType.swift */; };
		52FD414427B7CE83000EA462 /* ActivityIndicator.swift in Sources */ = {isa = PBXBuildFile; fileRef = 52FD414327B7CE83000EA462 /* ActivityIndicator.swift */; };
		52FD414727B7CE95000EA462 /* ErrorTracker.swift in Sources */ = {isa = PBXBuildFile; fileRef = 52FD414627B7CE95000EA462 /* ErrorTracker.swift */; };
		52FD414A27B7CF4D000EA462 /* Observable.swift in Sources */ = {isa = PBXBuildFile; fileRef = 52FD414927B7CF4D000EA462 /* Observable.swift */; };
		52FD415027B7D28B000EA462 /* HomeNode.swift in Sources */ = {isa = PBXBuildFile; fileRef = 52FD414F27B7D28B000EA462 /* HomeNode.swift */; };
		52FD415727B7D3CE000EA462 /* HomeCoordinator.swift in Sources */ = {isa = PBXBuildFile; fileRef = 52FD415627B7D3CE000EA462 /* HomeCoordinator.swift */; };
		52FD416227B7EE71000EA462 /* MosaicCollectionViewLayout.swift in Sources */ = {isa = PBXBuildFile; fileRef = 52FD416127B7EE71000EA462 /* MosaicCollectionViewLayout.swift */; };
		52FD418327B8264B000EA462 /* RijksMuseumTests.swift in Sources */ = {isa = PBXBuildFile; fileRef = 52FD418227B8264B000EA462 /* RijksMuseumTests.swift */; };
		52FD418D27B826B4000EA462 /* HomeDetailController.swift in Sources */ = {isa = PBXBuildFile; fileRef = 52FD418C27B826B4000EA462 /* HomeDetailController.swift */; };
		52FD419127B827F6000EA462 /* HomeDetailViewModel.swift in Sources */ = {isa = PBXBuildFile; fileRef = 52FD419027B827F6000EA462 /* HomeDetailViewModel.swift */; };
		52FD419527B82931000EA462 /* Attributes.swift in Sources */ = {isa = PBXBuildFile; fileRef = 52FD419427B82931000EA462 /* Attributes.swift */; };
		52FD41CD27B94DA4000EA462 /* HomeDetailCoordinator.swift in Sources */ = {isa = PBXBuildFile; fileRef = 52FD41CC27B94DA4000EA462 /* HomeDetailCoordinator.swift */; };
		52FD41F327B95A10000EA462 /* LoginViewController.swift in Sources */ = {isa = PBXBuildFile; fileRef = 52FD41F127B95A10000EA462 /* LoginViewController.swift */; };
		52FD41F427B95A10000EA462 /* LoginViewController.xib in Resources */ = {isa = PBXBuildFile; fileRef = 52FD41F227B95A10000EA462 /* LoginViewController.xib */; };
		52FD41F827B95CEB000EA462 /* LoginViewModel.swift in Sources */ = {isa = PBXBuildFile; fileRef = 52FD41F727B95CEB000EA462 /* LoginViewModel.swift */; };
		52FD41FC27B95D08000EA462 /* LoginCoordinator.swift in Sources */ = {isa = PBXBuildFile; fileRef = 52FD41FB27B95D08000EA462 /* LoginCoordinator.swift */; };
		BC20C124E1140C41CA86D3B2 /* Pods_RijksMuseum.framework in Frameworks */ = {isa = PBXBuildFile; fileRef = 1592C2E6528EC4E314EFA9C4 /* Pods_RijksMuseum.framework */; };
/* End PBXBuildFile section */

/* Begin PBXContainerItemProxy section */
		52FD418527B8264B000EA462 /* PBXContainerItemProxy */ = {
			isa = PBXContainerItemProxy;
			containerPortal = 52FD40A327B67B54000EA462 /* Project object */;
			proxyType = 1;
			remoteGlobalIDString = 52FD40AA27B67B54000EA462;
			remoteInfo = RijksMuseum;
		};
/* End PBXContainerItemProxy section */

/* Begin PBXFileReference section */
		0235E02127BA01D70039A596 /* DrawerTransitionManager.swift */ = {isa = PBXFileReference; lastKnownFileType = sourcecode.swift; path = DrawerTransitionManager.swift; sourceTree = "<group>"; };
		0235E02527BA02380039A596 /* DrawerViewController.swift */ = {isa = PBXFileReference; lastKnownFileType = sourcecode.swift; path = DrawerViewController.swift; sourceTree = "<group>"; };
		0235E02627BA02380039A596 /* DrawerViewController.xib */ = {isa = PBXFileReference; lastKnownFileType = file.xib; path = DrawerViewController.xib; sourceTree = "<group>"; };
		0235E02927BA02910039A596 /* DrawerCoordinator.swift */ = {isa = PBXFileReference; lastKnownFileType = sourcecode.swift; path = DrawerCoordinator.swift; sourceTree = "<group>"; };
		0235E02B27BA02990039A596 /* DrawerViewModel.swift */ = {isa = PBXFileReference; lastKnownFileType = sourcecode.swift; path = DrawerViewModel.swift; sourceTree = "<group>"; };
		12DA69EC6A8A93973902E2CD /* Pods-RijksMuseum.release.xcconfig */ = {isa = PBXFileReference; includeInIndex = 1; lastKnownFileType = text.xcconfig; name = "Pods-RijksMuseum.release.xcconfig"; path = "Target Support Files/Pods-RijksMuseum/Pods-RijksMuseum.release.xcconfig"; sourceTree = "<group>"; };
		1592C2E6528EC4E314EFA9C4 /* Pods_RijksMuseum.framework */ = {isa = PBXFileReference; explicitFileType = wrapper.framework; includeInIndex = 0; path = Pods_RijksMuseum.framework; sourceTree = BUILT_PRODUCTS_DIR; };
		502BB8610CA4D822F3A82AF8 /* Pods-RijksMuseum.debug.xcconfig */ = {isa = PBXFileReference; includeInIndex = 1; lastKnownFileType = text.xcconfig; name = "Pods-RijksMuseum.debug.xcconfig"; path = "Target Support Files/Pods-RijksMuseum/Pods-RijksMuseum.debug.xcconfig"; sourceTree = "<group>"; };
		52FD40AB27B67B54000EA462 /* RijksMuseum.app */ = {isa = PBXFileReference; explicitFileType = wrapper.application; includeInIndex = 0; path = RijksMuseum.app; sourceTree = BUILT_PRODUCTS_DIR; };
		52FD40AE27B67B54000EA462 /* AppDelegate.swift */ = {isa = PBXFileReference; lastKnownFileType = sourcecode.swift; path = AppDelegate.swift; sourceTree = "<group>"; };
		52FD40B027B67B54000EA462 /* SceneDelegate.swift */ = {isa = PBXFileReference; lastKnownFileType = sourcecode.swift; path = SceneDelegate.swift; sourceTree = "<group>"; };
		52FD40B227B67B54000EA462 /* ViewController.swift */ = {isa = PBXFileReference; lastKnownFileType = sourcecode.swift; path = ViewController.swift; sourceTree = "<group>"; };
		52FD40B727B67B55000EA462 /* Assets.xcassets */ = {isa = PBXFileReference; lastKnownFileType = folder.assetcatalog; path = Assets.xcassets; sourceTree = "<group>"; };
		52FD40BA27B67B55000EA462 /* Base */ = {isa = PBXFileReference; lastKnownFileType = file.storyboard; name = Base; path = Base.lproj/LaunchScreen.storyboard; sourceTree = "<group>"; };
		52FD40BC27B67B55000EA462 /* Info.plist */ = {isa = PBXFileReference; lastKnownFileType = text.plist.xml; path = Info.plist; sourceTree = "<group>"; };
		52FD40D927B6813C000EA462 /* AppContext.swift */ = {isa = PBXFileReference; lastKnownFileType = sourcecode.swift; path = AppContext.swift; sourceTree = "<group>"; };
		52FD40DD27B68167000EA462 /* Config.xcconfig */ = {isa = PBXFileReference; lastKnownFileType = text.xcconfig; path = Config.xcconfig; sourceTree = "<group>"; };
		52FD40E127B68255000EA462 /* NetworkManager.swift */ = {isa = PBXFileReference; lastKnownFileType = sourcecode.swift; path = NetworkManager.swift; sourceTree = "<group>"; };
		52FD40E427B6827F000EA462 /* ErrorResponse.swift */ = {isa = PBXFileReference; lastKnownFileType = sourcecode.swift; path = ErrorResponse.swift; sourceTree = "<group>"; };
		52FD40E727B682CF000EA462 /* NetworkError.swift */ = {isa = PBXFileReference; lastKnownFileType = sourcecode.swift; path = NetworkError.swift; sourceTree = "<group>"; };
		52FD40EC27B683C0000EA462 /* RijksAPI.swift */ = {isa = PBXFileReference; lastKnownFileType = sourcecode.swift; path = RijksAPI.swift; sourceTree = "<group>"; };
		52FD40F127B684BC000EA462 /* Collection.swift */ = {isa = PBXFileReference; lastKnownFileType = sourcecode.swift; path = Collection.swift; sourceTree = "<group>"; };
		52FD413327B7CCC9000EA462 /* BaseCoordinator.swift */ = {isa = PBXFileReference; lastKnownFileType = sourcecode.swift; path = BaseCoordinator.swift; sourceTree = "<group>"; };
		52FD413727B7CCE7000EA462 /* AppCoordinator.swift */ = {isa = PBXFileReference; lastKnownFileType = sourcecode.swift; path = AppCoordinator.swift; sourceTree = "<group>"; };
		52FD413A27B7CD25000EA462 /* HomeController.swift */ = {isa = PBXFileReference; lastKnownFileType = sourcecode.swift; path = HomeController.swift; sourceTree = "<group>"; };
		52FD413D27B7CDD0000EA462 /* HomeViewModel.swift */ = {isa = PBXFileReference; lastKnownFileType = sourcecode.swift; path = HomeViewModel.swift; sourceTree = "<group>"; };
		52FD414027B7CDF3000EA462 /* ViewModelType.swift */ = {isa = PBXFileReference; lastKnownFileType = sourcecode.swift; path = ViewModelType.swift; sourceTree = "<group>"; };
		52FD414327B7CE83000EA462 /* ActivityIndicator.swift */ = {isa = PBXFileReference; lastKnownFileType = sourcecode.swift; path = ActivityIndicator.swift; sourceTree = "<group>"; };
		52FD414627B7CE95000EA462 /* ErrorTracker.swift */ = {isa = PBXFileReference; lastKnownFileType = sourcecode.swift; path = ErrorTracker.swift; sourceTree = "<group>"; };
		52FD414927B7CF4D000EA462 /* Observable.swift */ = {isa = PBXFileReference; lastKnownFileType = sourcecode.swift; path = Observable.swift; sourceTree = "<group>"; };
		52FD414F27B7D28B000EA462 /* HomeNode.swift */ = {isa = PBXFileReference; lastKnownFileType = sourcecode.swift; path = HomeNode.swift; sourceTree = "<group>"; };
		52FD415627B7D3CE000EA462 /* HomeCoordinator.swift */ = {isa = PBXFileReference; lastKnownFileType = sourcecode.swift; path = HomeCoordinator.swift; sourceTree = "<group>"; };
		52FD416127B7EE71000EA462 /* MosaicCollectionViewLayout.swift */ = {isa = PBXFileReference; fileEncoding = 4; lastKnownFileType = sourcecode.swift; path = MosaicCollectionViewLayout.swift; sourceTree = "<group>"; };
		52FD418027B8264B000EA462 /* RijksMuseumTests.xctest */ = {isa = PBXFileReference; explicitFileType = wrapper.cfbundle; includeInIndex = 0; path = RijksMuseumTests.xctest; sourceTree = BUILT_PRODUCTS_DIR; };
		52FD418227B8264B000EA462 /* RijksMuseumTests.swift */ = {isa = PBXFileReference; lastKnownFileType = sourcecode.swift; path = RijksMuseumTests.swift; sourceTree = "<group>"; };
		52FD418427B8264B000EA462 /* Info.plist */ = {isa = PBXFileReference; lastKnownFileType = text.plist.xml; path = Info.plist; sourceTree = "<group>"; };
		52FD418C27B826B4000EA462 /* HomeDetailController.swift */ = {isa = PBXFileReference; lastKnownFileType = sourcecode.swift; path = HomeDetailController.swift; sourceTree = "<group>"; };
		52FD419027B827F6000EA462 /* HomeDetailViewModel.swift */ = {isa = PBXFileReference; lastKnownFileType = sourcecode.swift; path = HomeDetailViewModel.swift; sourceTree = "<group>"; };
		52FD419427B82931000EA462 /* Attributes.swift */ = {isa = PBXFileReference; lastKnownFileType = sourcecode.swift; path = Attributes.swift; sourceTree = "<group>"; };
		52FD41CC27B94DA4000EA462 /* HomeDetailCoordinator.swift */ = {isa = PBXFileReference; lastKnownFileType = sourcecode.swift; path = HomeDetailCoordinator.swift; sourceTree = "<group>"; };
		52FD41F127B95A10000EA462 /* LoginViewController.swift */ = {isa = PBXFileReference; lastKnownFileType = sourcecode.swift; path = LoginViewController.swift; sourceTree = "<group>"; };
		52FD41F227B95A10000EA462 /* LoginViewController.xib */ = {isa = PBXFileReference; lastKnownFileType = file.xib; path = LoginViewController.xib; sourceTree = "<group>"; };
		52FD41F727B95CEB000EA462 /* LoginViewModel.swift */ = {isa = PBXFileReference; lastKnownFileType = sourcecode.swift; path = LoginViewModel.swift; sourceTree = "<group>"; };
		52FD41FB27B95D08000EA462 /* LoginCoordinator.swift */ = {isa = PBXFileReference; lastKnownFileType = sourcecode.swift; path = LoginCoordinator.swift; sourceTree = "<group>"; };
/* End PBXFileReference section */

/* Begin PBXFrameworksBuildPhase section */
		52FD40A827B67B54000EA462 /* Frameworks */ = {
			isa = PBXFrameworksBuildPhase;
			buildActionMask = 2147483647;
			files = (
				BC20C124E1140C41CA86D3B2 /* Pods_RijksMuseum.framework in Frameworks */,
			);
			runOnlyForDeploymentPostprocessing = 0;
		};
		52FD417D27B8264B000EA462 /* Frameworks */ = {
			isa = PBXFrameworksBuildPhase;
			buildActionMask = 2147483647;
			files = (
			);
			runOnlyForDeploymentPostprocessing = 0;
		};
/* End PBXFrameworksBuildPhase section */

/* Begin PBXGroup section */
		0235E01F27BA01760039A596 /* Drawer */ = {
			isa = PBXGroup;
			children = (
				0235E02027BA01C30039A596 /* Helper */,
				0235E02527BA02380039A596 /* DrawerViewController.swift */,
				0235E02627BA02380039A596 /* DrawerViewController.xib */,
				0235E02927BA02910039A596 /* DrawerCoordinator.swift */,
				0235E02B27BA02990039A596 /* DrawerViewModel.swift */,
			);
			path = Drawer;
			sourceTree = "<group>";
		};
		0235E02027BA01C30039A596 /* Helper */ = {
			isa = PBXGroup;
			children = (
				0235E02127BA01D70039A596 /* DrawerTransitionManager.swift */,
			);
			path = Helper;
			sourceTree = "<group>";
		};
		52FD40A227B67B54000EA462 = {
			isa = PBXGroup;
			children = (
				52FD40AD27B67B54000EA462 /* RijksMuseum */,
				52FD418127B8264B000EA462 /* RijksMuseumTests */,
				52FD40AC27B67B54000EA462 /* Products */,
				85A0DF72C8A7FAFC22E342C5 /* Pods */,
				8108F67D1C332857C7A3FA9B /* Frameworks */,
			);
			sourceTree = "<group>";
		};
		52FD40AC27B67B54000EA462 /* Products */ = {
			isa = PBXGroup;
			children = (
				52FD40AB27B67B54000EA462 /* RijksMuseum.app */,
				52FD418027B8264B000EA462 /* RijksMuseumTests.xctest */,
			);
			name = Products;
			sourceTree = "<group>";
		};
		52FD40AD27B67B54000EA462 /* RijksMuseum */ = {
			isa = PBXGroup;
			children = (
				52FD413227B7CC72000EA462 /* Coordinator */,
				52FD413127B7CC55000EA462 /* Scene */,
				52FD40F027B684AB000EA462 /* Models */,
				52FD40E027B68227000EA462 /* Networking */,
				52FD40D827B6810F000EA462 /* Helper */,
				52FD40BC27B67B55000EA462 /* Info.plist */,
				52FD40D327B67FD4000EA462 /* Supporting Files */,
				52FD40D027B67FC7000EA462 /* Application Layer */,
				52FD40B227B67B54000EA462 /* ViewController.swift */,
			);
			path = RijksMuseum;
			sourceTree = "<group>";
		};
		52FD40D027B67FC7000EA462 /* Application Layer */ = {
			isa = PBXGroup;
			children = (
				52FD40AE27B67B54000EA462 /* AppDelegate.swift */,
				52FD40B027B67B54000EA462 /* SceneDelegate.swift */,
			);
			name = "Application Layer";
			sourceTree = "<group>";
		};
		52FD40D327B67FD4000EA462 /* Supporting Files */ = {
			isa = PBXGroup;
			children = (
				52FD40B727B67B55000EA462 /* Assets.xcassets */,
				52FD40B927B67B55000EA462 /* LaunchScreen.storyboard */,
				52FD40DD27B68167000EA462 /* Config.xcconfig */,
			);
			path = "Supporting Files";
			sourceTree = "<group>";
		};
		52FD40D827B6810F000EA462 /* Helper */ = {
			isa = PBXGroup;
			children = (
				52FD416127B7EE71000EA462 /* MosaicCollectionViewLayout.swift */,
				52FD40D927B6813C000EA462 /* AppContext.swift */,
				52FD414027B7CDF3000EA462 /* ViewModelType.swift */,
				52FD414327B7CE83000EA462 /* ActivityIndicator.swift */,
				52FD414627B7CE95000EA462 /* ErrorTracker.swift */,
				52FD414927B7CF4D000EA462 /* Observable.swift */,
				52FD419427B82931000EA462 /* Attributes.swift */,
			);
			path = Helper;
			sourceTree = "<group>";
		};
		52FD40E027B68227000EA462 /* Networking */ = {
			isa = PBXGroup;
			children = (
				52FD40EB27B683B3000EA462 /* Services */,
				52FD40E127B68255000EA462 /* NetworkManager.swift */,
				52FD40E427B6827F000EA462 /* ErrorResponse.swift */,
				52FD40E727B682CF000EA462 /* NetworkError.swift */,
			);
			path = Networking;
			sourceTree = "<group>";
		};
		52FD40EB27B683B3000EA462 /* Services */ = {
			isa = PBXGroup;
			children = (
				52FD40EC27B683C0000EA462 /* RijksAPI.swift */,
			);
			path = Services;
			sourceTree = "<group>";
		};
		52FD40F027B684AB000EA462 /* Models */ = {
			isa = PBXGroup;
			children = (
				52FD40F127B684BC000EA462 /* Collection.swift */,
			);
			path = Models;
			sourceTree = "<group>";
		};
		52FD413127B7CC55000EA462 /* Scene */ = {
			isa = PBXGroup;
			children = (
				0235E01F27BA01760039A596 /* Drawer */,
				52FD417A27B82109000EA462 /* HomeDetail */,
				52FD417927B820E2000EA462 /* Login */,
				52FD416A27B7F9E7000EA462 /* Home */,
			);
			path = Scene;
			sourceTree = "<group>";
		};
		52FD413227B7CC72000EA462 /* Coordinator */ = {
			isa = PBXGroup;
			children = (
				52FD413327B7CCC9000EA462 /* BaseCoordinator.swift */,
				52FD413727B7CCE7000EA462 /* AppCoordinator.swift */,
			);
			path = Coordinator;
			sourceTree = "<group>";
		};
		52FD416A27B7F9E7000EA462 /* Home */ = {
			isa = PBXGroup;
			children = (
				52FD413A27B7CD25000EA462 /* HomeController.swift */,
				52FD413D27B7CDD0000EA462 /* HomeViewModel.swift */,
				52FD414F27B7D28B000EA462 /* HomeNode.swift */,
				52FD415627B7D3CE000EA462 /* HomeCoordinator.swift */,
			);
			path = Home;
			sourceTree = "<group>";
		};
		52FD417927B820E2000EA462 /* Login */ = {
			isa = PBXGroup;
			children = (
				52FD41F127B95A10000EA462 /* LoginViewController.swift */,
				52FD41F227B95A10000EA462 /* LoginViewController.xib */,
				52FD41F727B95CEB000EA462 /* LoginViewModel.swift */,
				52FD41FB27B95D08000EA462 /* LoginCoordinator.swift */,
			);
			path = Login;
			sourceTree = "<group>";
		};
		52FD417A27B82109000EA462 /* HomeDetail */ = {
			isa = PBXGroup;
			children = (
				52FD418C27B826B4000EA462 /* HomeDetailController.swift */,
				52FD419027B827F6000EA462 /* HomeDetailViewModel.swift */,
				52FD41CC27B94DA4000EA462 /* HomeDetailCoordinator.swift */,
			);
			path = HomeDetail;
			sourceTree = "<group>";
		};
		52FD418127B8264B000EA462 /* RijksMuseumTests */ = {
			isa = PBXGroup;
			children = (
				52FD418227B8264B000EA462 /* RijksMuseumTests.swift */,
				52FD418427B8264B000EA462 /* Info.plist */,
			);
			path = RijksMuseumTests;
			sourceTree = "<group>";
		};
		8108F67D1C332857C7A3FA9B /* Frameworks */ = {
			isa = PBXGroup;
			children = (
				1592C2E6528EC4E314EFA9C4 /* Pods_RijksMuseum.framework */,
			);
			name = Frameworks;
			sourceTree = "<group>";
		};
		85A0DF72C8A7FAFC22E342C5 /* Pods */ = {
			isa = PBXGroup;
			children = (
				502BB8610CA4D822F3A82AF8 /* Pods-RijksMuseum.debug.xcconfig */,
				12DA69EC6A8A93973902E2CD /* Pods-RijksMuseum.release.xcconfig */,
			);
			path = Pods;
			sourceTree = "<group>";
		};
/* End PBXGroup section */

/* Begin PBXNativeTarget section */
		52FD40AA27B67B54000EA462 /* RijksMuseum */ = {
			isa = PBXNativeTarget;
			buildConfigurationList = 52FD40BF27B67B55000EA462 /* Build configuration list for PBXNativeTarget "RijksMuseum" */;
			buildPhases = (
				BF3F978AF50ECF46852E4D9E /* [CP] Check Pods Manifest.lock */,
				52FD40A727B67B54000EA462 /* Sources */,
				52FD40A827B67B54000EA462 /* Frameworks */,
				52FD40A927B67B54000EA462 /* Resources */,
				411B2192D52CDBA0A6D42DC6 /* [CP] Embed Pods Frameworks */,
			);
			buildRules = (
			);
			dependencies = (
			);
			name = RijksMuseum;
			productName = RijksMuseum;
			productReference = 52FD40AB27B67B54000EA462 /* RijksMuseum.app */;
			productType = "com.apple.product-type.application";
		};
		52FD417F27B8264B000EA462 /* RijksMuseumTests */ = {
			isa = PBXNativeTarget;
			buildConfigurationList = 52FD418727B8264B000EA462 /* Build configuration list for PBXNativeTarget "RijksMuseumTests" */;
			buildPhases = (
				52FD417C27B8264B000EA462 /* Sources */,
				52FD417D27B8264B000EA462 /* Frameworks */,
				52FD417E27B8264B000EA462 /* Resources */,
			);
			buildRules = (
			);
			dependencies = (
				52FD418627B8264B000EA462 /* PBXTargetDependency */,
			);
			name = RijksMuseumTests;
			productName = RijksMuseumTests;
			productReference = 52FD418027B8264B000EA462 /* RijksMuseumTests.xctest */;
			productType = "com.apple.product-type.bundle.unit-test";
		};
/* End PBXNativeTarget section */

/* Begin PBXProject section */
		52FD40A327B67B54000EA462 /* Project object */ = {
			isa = PBXProject;
			attributes = {
				LastSwiftUpdateCheck = 1240;
				LastUpgradeCheck = 1240;
				TargetAttributes = {
					52FD40AA27B67B54000EA462 = {
						CreatedOnToolsVersion = 12.4;
					};
					52FD417F27B8264B000EA462 = {
						CreatedOnToolsVersion = 12.4;
						TestTargetID = 52FD40AA27B67B54000EA462;
					};
				};
			};
			buildConfigurationList = 52FD40A627B67B54000EA462 /* Build configuration list for PBXProject "RijksMuseum" */;
			compatibilityVersion = "Xcode 9.3";
			developmentRegion = en;
			hasScannedForEncodings = 0;
			knownRegions = (
				en,
				Base,
			);
			mainGroup = 52FD40A227B67B54000EA462;
			productRefGroup = 52FD40AC27B67B54000EA462 /* Products */;
			projectDirPath = "";
			projectRoot = "";
			targets = (
				52FD40AA27B67B54000EA462 /* RijksMuseum */,
				52FD417F27B8264B000EA462 /* RijksMuseumTests */,
			);
		};
/* End PBXProject section */

/* Begin PBXResourcesBuildPhase section */
		52FD40A927B67B54000EA462 /* Resources */ = {
			isa = PBXResourcesBuildPhase;
			buildActionMask = 2147483647;
			files = (
				52FD40BB27B67B55000EA462 /* LaunchScreen.storyboard in Resources */,
				0235E02827BA02380039A596 /* DrawerViewController.xib in Resources */,
				52FD40B827B67B55000EA462 /* Assets.xcassets in Resources */,
				52FD41F427B95A10000EA462 /* LoginViewController.xib in Resources */,
			);
			runOnlyForDeploymentPostprocessing = 0;
		};
		52FD417E27B8264B000EA462 /* Resources */ = {
			isa = PBXResourcesBuildPhase;
			buildActionMask = 2147483647;
			files = (
			);
			runOnlyForDeploymentPostprocessing = 0;
		};
/* End PBXResourcesBuildPhase section */

/* Begin PBXShellScriptBuildPhase section */
		411B2192D52CDBA0A6D42DC6 /* [CP] Embed Pods Frameworks */ = {
			isa = PBXShellScriptBuildPhase;
			buildActionMask = 2147483647;
			files = (
			);
			inputFileListPaths = (
				"${PODS_ROOT}/Target Support Files/Pods-RijksMuseum/Pods-RijksMuseum-frameworks-${CONFIGURATION}-input-files.xcfilelist",
			);
			name = "[CP] Embed Pods Frameworks";
			outputFileListPaths = (
				"${PODS_ROOT}/Target Support Files/Pods-RijksMuseum/Pods-RijksMuseum-frameworks-${CONFIGURATION}-output-files.xcfilelist",
			);
			runOnlyForDeploymentPostprocessing = 0;
			shellPath = /bin/sh;
			shellScript = "\"${PODS_ROOT}/Target Support Files/Pods-RijksMuseum/Pods-RijksMuseum-frameworks.sh\"\n";
			showEnvVarsInLog = 0;
		};
		BF3F978AF50ECF46852E4D9E /* [CP] Check Pods Manifest.lock */ = {
			isa = PBXShellScriptBuildPhase;
			buildActionMask = 2147483647;
			files = (
			);
			inputFileListPaths = (
			);
			inputPaths = (
				"${PODS_PODFILE_DIR_PATH}/Podfile.lock",
				"${PODS_ROOT}/Manifest.lock",
			);
			name = "[CP] Check Pods Manifest.lock";
			outputFileListPaths = (
			);
			outputPaths = (
				"$(DERIVED_FILE_DIR)/Pods-RijksMuseum-checkManifestLockResult.txt",
			);
			runOnlyForDeploymentPostprocessing = 0;
			shellPath = /bin/sh;
			shellScript = "diff \"${PODS_PODFILE_DIR_PATH}/Podfile.lock\" \"${PODS_ROOT}/Manifest.lock\" > /dev/null\nif [ $? != 0 ] ; then\n    # print error to STDERR\n    echo \"error: The sandbox is not in sync with the Podfile.lock. Run 'pod install' or update your CocoaPods installation.\" >&2\n    exit 1\nfi\n# This output is used by Xcode 'outputs' to avoid re-running this script phase.\necho \"SUCCESS\" > \"${SCRIPT_OUTPUT_FILE_0}\"\n";
			showEnvVarsInLog = 0;
		};
/* End PBXShellScriptBuildPhase section */

/* Begin PBXSourcesBuildPhase section */
		52FD40A727B67B54000EA462 /* Sources */ = {
			isa = PBXSourcesBuildPhase;
			buildActionMask = 2147483647;
			files = (
				52FD419527B82931000EA462 /* Attributes.swift in Sources */,
				0235E02727BA02380039A596 /* DrawerViewController.swift in Sources */,
				52FD41FC27B95D08000EA462 /* LoginCoordinator.swift in Sources */,
				52FD416227B7EE71000EA462 /* MosaicCollectionViewLayout.swift in Sources */,
				52FD413827B7CCE7000EA462 /* AppCoordinator.swift in Sources */,
				52FD41CD27B94DA4000EA462 /* HomeDetailCoordinator.swift in Sources */,
				52FD414427B7CE83000EA462 /* ActivityIndicator.swift in Sources */,
				52FD40F227B684BC000EA462 /* Collection.swift in Sources */,
				52FD414727B7CE95000EA462 /* ErrorTracker.swift in Sources */,
				52FD41F827B95CEB000EA462 /* LoginViewModel.swift in Sources */,
				52FD40B327B67B54000EA462 /* ViewController.swift in Sources */,
				52FD40E827B682CF000EA462 /* NetworkError.swift in Sources */,
				52FD40DA27B6813C000EA462 /* AppContext.swift in Sources */,
				0235E02A27BA02910039A596 /* DrawerCoordinator.swift in Sources */,
				52FD419127B827F6000EA462 /* HomeDetailViewModel.swift in Sources */,
				52FD418D27B826B4000EA462 /* HomeDetailController.swift in Sources */,
				52FD40E227B68255000EA462 /* NetworkManager.swift in Sources */,
				52FD414127B7CDF3000EA462 /* ViewModelType.swift in Sources */,
				0235E02C27BA02990039A596 /* DrawerViewModel.swift in Sources */,
				52FD415027B7D28B000EA462 /* HomeNode.swift in Sources */,
				52FD413427B7CCC9000EA462 /* BaseCoordinator.swift in Sources */,
				52FD40E527B6827F000EA462 /* ErrorResponse.swift in Sources */,
				0235E02227BA01D70039A596 /* DrawerTransitionManager.swift in Sources */,
				52FD413E27B7CDD0000EA462 /* HomeViewModel.swift in Sources */,
				52FD414A27B7CF4D000EA462 /* Observable.swift in Sources */,
				52FD413B27B7CD25000EA462 /* HomeController.swift in Sources */,
				52FD40AF27B67B54000EA462 /* AppDelegate.swift in Sources */,
				52FD415727B7D3CE000EA462 /* HomeCoordinator.swift in Sources */,
				52FD40ED27B683C0000EA462 /* RijksAPI.swift in Sources */,
				52FD41F327B95A10000EA462 /* LoginViewController.swift in Sources */,
				52FD40B127B67B54000EA462 /* SceneDelegate.swift in Sources */,
			);
			runOnlyForDeploymentPostprocessing = 0;
		};
		52FD417C27B8264B000EA462 /* Sources */ = {
			isa = PBXSourcesBuildPhase;
			buildActionMask = 2147483647;
			files = (
				52FD418327B8264B000EA462 /* RijksMuseumTests.swift in Sources */,
			);
			runOnlyForDeploymentPostprocessing = 0;
		};
/* End PBXSourcesBuildPhase section */

/* Begin PBXTargetDependency section */
		52FD418627B8264B000EA462 /* PBXTargetDependency */ = {
			isa = PBXTargetDependency;
			target = 52FD40AA27B67B54000EA462 /* RijksMuseum */;
			targetProxy = 52FD418527B8264B000EA462 /* PBXContainerItemProxy */;
		};
/* End PBXTargetDependency section */

/* Begin PBXVariantGroup section */
		52FD40B927B67B55000EA462 /* LaunchScreen.storyboard */ = {
			isa = PBXVariantGroup;
			children = (
				52FD40BA27B67B55000EA462 /* Base */,
			);
			name = LaunchScreen.storyboard;
			sourceTree = "<group>";
		};
/* End PBXVariantGroup section */

/* Begin XCBuildConfiguration section */
		52FD40BD27B67B55000EA462 /* Debug */ = {
			isa = XCBuildConfiguration;
			baseConfigurationReference = 52FD40DD27B68167000EA462 /* Config.xcconfig */;
			buildSettings = {
				ALWAYS_SEARCH_USER_PATHS = NO;
				CLANG_ANALYZER_NONNULL = YES;
				CLANG_ANALYZER_NUMBER_OBJECT_CONVERSION = YES_AGGRESSIVE;
				CLANG_CXX_LANGUAGE_STANDARD = "gnu++14";
				CLANG_CXX_LIBRARY = "libc++";
				CLANG_ENABLE_MODULES = YES;
				CLANG_ENABLE_OBJC_ARC = YES;
				CLANG_ENABLE_OBJC_WEAK = YES;
				CLANG_WARN_BLOCK_CAPTURE_AUTORELEASING = YES;
				CLANG_WARN_BOOL_CONVERSION = YES;
				CLANG_WARN_COMMA = YES;
				CLANG_WARN_CONSTANT_CONVERSION = YES;
				CLANG_WARN_DEPRECATED_OBJC_IMPLEMENTATIONS = YES;
				CLANG_WARN_DIRECT_OBJC_ISA_USAGE = YES_ERROR;
				CLANG_WARN_DOCUMENTATION_COMMENTS = YES;
				CLANG_WARN_EMPTY_BODY = YES;
				CLANG_WARN_ENUM_CONVERSION = YES;
				CLANG_WARN_INFINITE_RECURSION = YES;
				CLANG_WARN_INT_CONVERSION = YES;
				CLANG_WARN_NON_LITERAL_NULL_CONVERSION = YES;
				CLANG_WARN_OBJC_IMPLICIT_RETAIN_SELF = YES;
				CLANG_WARN_OBJC_LITERAL_CONVERSION = YES;
				CLANG_WARN_OBJC_ROOT_CLASS = YES_ERROR;
				CLANG_WARN_QUOTED_INCLUDE_IN_FRAMEWORK_HEADER = YES;
				CLANG_WARN_RANGE_LOOP_ANALYSIS = YES;
				CLANG_WARN_STRICT_PROTOTYPES = YES;
				CLANG_WARN_SUSPICIOUS_MOVE = YES;
				CLANG_WARN_UNGUARDED_AVAILABILITY = YES_AGGRESSIVE;
				CLANG_WARN_UNREACHABLE_CODE = YES;
				CLANG_WARN__DUPLICATE_METHOD_MATCH = YES;
				COPY_PHASE_STRIP = NO;
				DEBUG_INFORMATION_FORMAT = dwarf;
				ENABLE_STRICT_OBJC_MSGSEND = YES;
				ENABLE_TESTABILITY = YES;
				GCC_C_LANGUAGE_STANDARD = gnu11;
				GCC_DYNAMIC_NO_PIC = NO;
				GCC_NO_COMMON_BLOCKS = YES;
				GCC_OPTIMIZATION_LEVEL = 0;
				GCC_PREPROCESSOR_DEFINITIONS = (
					"DEBUG=1",
					"$(inherited)",
				);
				GCC_WARN_64_TO_32_BIT_CONVERSION = YES;
				GCC_WARN_ABOUT_RETURN_TYPE = YES_ERROR;
				GCC_WARN_UNDECLARED_SELECTOR = YES;
				GCC_WARN_UNINITIALIZED_AUTOS = YES_AGGRESSIVE;
				GCC_WARN_UNUSED_FUNCTION = YES;
				GCC_WARN_UNUSED_VARIABLE = YES;
				IPHONEOS_DEPLOYMENT_TARGET = 14.4;
				MTL_ENABLE_DEBUG_INFO = INCLUDE_SOURCE;
				MTL_FAST_MATH = YES;
				ONLY_ACTIVE_ARCH = YES;
				SDKROOT = iphoneos;
				SWIFT_ACTIVE_COMPILATION_CONDITIONS = DEBUG;
				SWIFT_OPTIMIZATION_LEVEL = "-Onone";
			};
			name = Debug;
		};
		52FD40BE27B67B55000EA462 /* Release */ = {
			isa = XCBuildConfiguration;
			baseConfigurationReference = 52FD40DD27B68167000EA462 /* Config.xcconfig */;
			buildSettings = {
				ALWAYS_SEARCH_USER_PATHS = NO;
				CLANG_ANALYZER_NONNULL = YES;
				CLANG_ANALYZER_NUMBER_OBJECT_CONVERSION = YES_AGGRESSIVE;
				CLANG_CXX_LANGUAGE_STANDARD = "gnu++14";
				CLANG_CXX_LIBRARY = "libc++";
				CLANG_ENABLE_MODULES = YES;
				CLANG_ENABLE_OBJC_ARC = YES;
				CLANG_ENABLE_OBJC_WEAK = YES;
				CLANG_WARN_BLOCK_CAPTURE_AUTORELEASING = YES;
				CLANG_WARN_BOOL_CONVERSION = YES;
				CLANG_WARN_COMMA = YES;
				CLANG_WARN_CONSTANT_CONVERSION = YES;
				CLANG_WARN_DEPRECATED_OBJC_IMPLEMENTATIONS = YES;
				CLANG_WARN_DIRECT_OBJC_ISA_USAGE = YES_ERROR;
				CLANG_WARN_DOCUMENTATION_COMMENTS = YES;
				CLANG_WARN_EMPTY_BODY = YES;
				CLANG_WARN_ENUM_CONVERSION = YES;
				CLANG_WARN_INFINITE_RECURSION = YES;
				CLANG_WARN_INT_CONVERSION = YES;
				CLANG_WARN_NON_LITERAL_NULL_CONVERSION = YES;
				CLANG_WARN_OBJC_IMPLICIT_RETAIN_SELF = YES;
				CLANG_WARN_OBJC_LITERAL_CONVERSION = YES;
				CLANG_WARN_OBJC_ROOT_CLASS = YES_ERROR;
				CLANG_WARN_QUOTED_INCLUDE_IN_FRAMEWORK_HEADER = YES;
				CLANG_WARN_RANGE_LOOP_ANALYSIS = YES;
				CLANG_WARN_STRICT_PROTOTYPES = YES;
				CLANG_WARN_SUSPICIOUS_MOVE = YES;
				CLANG_WARN_UNGUARDED_AVAILABILITY = YES_AGGRESSIVE;
				CLANG_WARN_UNREACHABLE_CODE = YES;
				CLANG_WARN__DUPLICATE_METHOD_MATCH = YES;
				COPY_PHASE_STRIP = NO;
				DEBUG_INFORMATION_FORMAT = "dwarf-with-dsym";
				ENABLE_NS_ASSERTIONS = NO;
				ENABLE_STRICT_OBJC_MSGSEND = YES;
				GCC_C_LANGUAGE_STANDARD = gnu11;
				GCC_NO_COMMON_BLOCKS = YES;
				GCC_WARN_64_TO_32_BIT_CONVERSION = YES;
				GCC_WARN_ABOUT_RETURN_TYPE = YES_ERROR;
				GCC_WARN_UNDECLARED_SELECTOR = YES;
				GCC_WARN_UNINITIALIZED_AUTOS = YES_AGGRESSIVE;
				GCC_WARN_UNUSED_FUNCTION = YES;
				GCC_WARN_UNUSED_VARIABLE = YES;
				IPHONEOS_DEPLOYMENT_TARGET = 14.4;
				MTL_ENABLE_DEBUG_INFO = NO;
				MTL_FAST_MATH = YES;
				SDKROOT = iphoneos;
				SWIFT_COMPILATION_MODE = wholemodule;
				SWIFT_OPTIMIZATION_LEVEL = "-O";
				VALIDATE_PRODUCT = YES;
			};
			name = Release;
		};
		52FD40C027B67B55000EA462 /* Debug */ = {
			isa = XCBuildConfiguration;
			baseConfigurationReference = 502BB8610CA4D822F3A82AF8 /* Pods-RijksMuseum.debug.xcconfig */;
			buildSettings = {
				ASSETCATALOG_COMPILER_APPICON_NAME = AppIcon;
				ASSETCATALOG_COMPILER_GLOBAL_ACCENT_COLOR_NAME = AccentColor;
				CODE_SIGN_STYLE = Automatic;
				INFOPLIST_FILE = RijksMuseum/Info.plist;
				LD_RUNPATH_SEARCH_PATHS = (
					"$(inherited)",
					"@executable_path/Frameworks",
				);
				PRODUCT_BUNDLE_IDENTIFIER = com.hanifsgy.RijksMuseum;
				PRODUCT_NAME = "$(TARGET_NAME)";
				SWIFT_VERSION = 5.0;
				TARGETED_DEVICE_FAMILY = "1,2";
			};
			name = Debug;
		};
		52FD40C127B67B55000EA462 /* Release */ = {
			isa = XCBuildConfiguration;
			baseConfigurationReference = 12DA69EC6A8A93973902E2CD /* Pods-RijksMuseum.release.xcconfig */;
			buildSettings = {
				ASSETCATALOG_COMPILER_APPICON_NAME = AppIcon;
				ASSETCATALOG_COMPILER_GLOBAL_ACCENT_COLOR_NAME = AccentColor;
				CODE_SIGN_STYLE = Automatic;
				INFOPLIST_FILE = RijksMuseum/Info.plist;
				LD_RUNPATH_SEARCH_PATHS = (
					"$(inherited)",
					"@executable_path/Frameworks",
				);
				PRODUCT_BUNDLE_IDENTIFIER = com.hanifsgy.RijksMuseum;
				PRODUCT_NAME = "$(TARGET_NAME)";
				SWIFT_VERSION = 5.0;
				TARGETED_DEVICE_FAMILY = "1,2";
			};
			name = Release;
		};
		52FD418827B8264B000EA462 /* Debug */ = {
			isa = XCBuildConfiguration;
			buildSettings = {
				BUNDLE_LOADER = "$(TEST_HOST)";
				CODE_SIGN_STYLE = Automatic;
				INFOPLIST_FILE = RijksMuseumTests/Info.plist;
				LD_RUNPATH_SEARCH_PATHS = (
					"$(inherited)",
					"@executable_path/Frameworks",
					"@loader_path/Frameworks",
				);
				PRODUCT_BUNDLE_IDENTIFIER = com.hanifsgy.RijksMuseumTests;
				PRODUCT_NAME = "$(TARGET_NAME)";
				SWIFT_VERSION = 5.0;
				TARGETED_DEVICE_FAMILY = "1,2";
				TEST_HOST = "$(BUILT_PRODUCTS_DIR)/RijksMuseum.app/RijksMuseum";
			};
			name = Debug;
		};
		52FD418927B8264B000EA462 /* Release */ = {
			isa = XCBuildConfiguration;
			buildSettings = {
				BUNDLE_LOADER = "$(TEST_HOST)";
				CODE_SIGN_STYLE = Automatic;
				INFOPLIST_FILE = RijksMuseumTests/Info.plist;
				LD_RUNPATH_SEARCH_PATHS = (
					"$(inherited)",
					"@executable_path/Frameworks",
					"@loader_path/Frameworks",
				);
				PRODUCT_BUNDLE_IDENTIFIER = com.hanifsgy.RijksMuseumTests;
				PRODUCT_NAME = "$(TARGET_NAME)";
				SWIFT_VERSION = 5.0;
				TARGETED_DEVICE_FAMILY = "1,2";
				TEST_HOST = "$(BUILT_PRODUCTS_DIR)/RijksMuseum.app/RijksMuseum";
			};
			name = Release;
		};
/* End XCBuildConfiguration section */

/* Begin XCConfigurationList section */
		52FD40A627B67B54000EA462 /* Build configuration list for PBXProject "RijksMuseum" */ = {
			isa = XCConfigurationList;
			buildConfigurations = (
				52FD40BD27B67B55000EA462 /* Debug */,
				52FD40BE27B67B55000EA462 /* Release */,
			);
			defaultConfigurationIsVisible = 0;
			defaultConfigurationName = Release;
		};
		52FD40BF27B67B55000EA462 /* Build configuration list for PBXNativeTarget "RijksMuseum" */ = {
			isa = XCConfigurationList;
			buildConfigurations = (
				52FD40C027B67B55000EA462 /* Debug */,
				52FD40C127B67B55000EA462 /* Release */,
			);
			defaultConfigurationIsVisible = 0;
			defaultConfigurationName = Release;
		};
		52FD418727B8264B000EA462 /* Build configuration list for PBXNativeTarget "RijksMuseumTests" */ = {
			isa = XCConfigurationList;
			buildConfigurations = (
				52FD418827B8264B000EA462 /* Debug */,
				52FD418927B8264B000EA462 /* Release */,
			);
			defaultConfigurationIsVisible = 0;
			defaultConfigurationName = Release;
		};
/* End XCConfigurationList section */
	};
	rootObject = 52FD40A327B67B54000EA462 /* Project object */;
}
